
Microsoft Visual Studio Solution File, Format Version 12.00
# Visual Studio Version 17
VisualStudioVersion = 17.5.002.0
MinimumVisualStudioVersion = 10.0.40219.1
Project("{9A19103F-16F7-4668-BE54-9A1E7A4F7556}") = "IformFile", "IformFile.csproj", "{804F039F-9785-4605-BCB2-B81E41DE636A}"
EndProject
Global
	GlobalSection(SolutionConfigurationPlatforms) = preSolution
		Debug|Any CPU = Debug|Any CPU
		Release|Any CPU = Release|Any CPU
	EndGlobalSection
	GlobalSection(ProjectConfigurationPlatforms) = postSolution
		{804F039F-9785-4605-BCB2-B81E41DE636A}.Debug|Any CPU.ActiveCfg = Debug|Any CPU
		{804F039F-9785-4605-BCB2-B81E41DE636A}.Debug|Any CPU.Build.0 = Debug|Any CPU
		{804F039F-9785-4605-BCB2-B81E41DE636A}.Release|Any CPU.ActiveCfg = Release|Any CPU
		{804F039F-9785-4605-BCB2-B81E41DE636A}.Release|Any CPU.Build.0 = Release|Any CPU
	EndGlobalSection
	GlobalSection(SolutionProperties) = preSolution
		HideSolutionNode = FALSE
	EndGlobalSection
	GlobalSection(ExtensibilityGlobals) = postSolution
		SolutionGuid = {30272D28-A64E-4187-9403-052C890DEA09}
	EndGlobalSection
EndGlobal
